
Microsoft Visual Studio Solution File, Format Version 12.00
Project("{FAE04EC0-301F-11D3-BF4B-00C04F79EFBC}") = "PrisonersDilemma", "src\PrisonersDilemma\PrisonersDilemma.csproj", "{B9BE3723-DDFC-406A-A2AB-CCE777A5C1F8}"
EndProject
Project("{2150E333-8FDC-42A3-9474-1A3956D46DE8}") = "src", "src", "{17FA9501-9889-4CE8-A61E-06598E2CBC91}"
EndProject
Project("{FAE04EC0-301F-11D3-BF4B-00C04F79EFBC}") = "Strategy", "src\Strategy\Strategy.csproj", "{8F3CC7F6-2AD9-419B-9C9E-6B01DF4975D6}"
EndProject
Project("{2150E333-8FDC-42A3-9474-1A3956D46DE8}") = "strategies", "strategies", "{2880ED61-892B-4317-92D5-2AEED3AA794E}"
EndProject
Project("{FAE04EC0-301F-11D3-BF4B-00C04F79EFBC}") = "TitForTat", "strategies\TitForTat\TitForTat.csproj", "{BF573E55-099C-4414-96D6-2A8A7133B979}"
EndProject
Project("{FAE04EC0-301F-11D3-BF4B-00C04F79EFBC}") = "Random", "strategies\Random\Random.csproj", "{DB94D266-A65B-42C5-8EAF-AC55CB088D7B}"
EndProject
Project("{FAE04EC0-301F-11D3-BF4B-00C04F79EFBC}") = "AlwaysCooperate", "strategies\AlwaysCooperate\AlwaysCooperate.csproj", "{8C3EA6C3-FD64-4E8D-8D85-F29155A94D0D}"
EndProject
Project("{FAE04EC0-301F-11D3-BF4B-00C04F79EFBC}") = "AlwaysDefect", "strategies\AlwaysDefect\AlwaysDefect.csproj", "{5821D8C7-0C25-491C-8DB7-5F5EAEBFA15F}"
EndProject
Project("{FAE04EC0-301F-11D3-BF4B-00C04F79EFBC}") = "Pavlov", "strategies\Pavlov\Pavlov.csproj", "{F282181B-47E8-4AB2-BE8C-05B65378DA93}"
EndProject
Project("{FAE04EC0-301F-11D3-BF4B-00C04F79EFBC}") = "StochasticTitForTat", "strategies\StochasticTitForTat\StochasticTitForTat.csproj", "{4A3D020D-0C70-4C2D-9BED-230388C8FBBF}"
EndProject
Project("{FAE04EC0-301F-11D3-BF4B-00C04F79EFBC}") = "TFTWithForgiveness", "strategies\TFTWithForgiveness\TFTWithForgiveness.csproj", "{CD982B48-394B-426C-8A7E-9EA23EAFEDEB}"
EndProject
Project("{FAE04EC0-301F-11D3-BF4B-00C04F79EFBC}") = "TitForTwoTats", "strategies\TitForTwoTats\TitForTwoTats.csproj", "{A4A5B601-9A42-4E11-8343-E65DD4E9F166}"
EndProject
Project("{FAE04EC0-301F-11D3-BF4B-00C04F79EFBC}") = "SuspiciousTitForTat", "strategies\SuspiciousTitForTat\SuspiciousTitForTat.csproj", "{4C44D1BC-34AE-40E1-A1CC-79BD94AA3CA9}"
EndProject
Project("{FAE04EC0-301F-11D3-BF4B-00C04F79EFBC}") = "GenerousTitForTat", "strategies\GenerousTitForTat\GenerousTitForTat.csproj", "{D6B52976-BBAE-4CBC-AD49-24B3C89B597F}"
EndProject
Global
	GlobalSection(SolutionConfigurationPlatforms) = preSolution
		Debug|Any CPU = Debug|Any CPU
		Release|Any CPU = Release|Any CPU
	EndGlobalSection
	GlobalSection(ProjectConfigurationPlatforms) = postSolution
		{B9BE3723-DDFC-406A-A2AB-CCE777A5C1F8}.Debug|Any CPU.ActiveCfg = Debug|Any CPU
		{B9BE3723-DDFC-406A-A2AB-CCE777A5C1F8}.Debug|Any CPU.Build.0 = Debug|Any CPU
		{B9BE3723-DDFC-406A-A2AB-CCE777A5C1F8}.Release|Any CPU.ActiveCfg = Release|Any CPU
		{B9BE3723-DDFC-406A-A2AB-CCE777A5C1F8}.Release|Any CPU.Build.0 = Release|Any CPU
		{8F3CC7F6-2AD9-419B-9C9E-6B01DF4975D6}.Debug|Any CPU.ActiveCfg = Debug|Any CPU
		{8F3CC7F6-2AD9-419B-9C9E-6B01DF4975D6}.Debug|Any CPU.Build.0 = Debug|Any CPU
		{8F3CC7F6-2AD9-419B-9C9E-6B01DF4975D6}.Release|Any CPU.ActiveCfg = Release|Any CPU
		{8F3CC7F6-2AD9-419B-9C9E-6B01DF4975D6}.Release|Any CPU.Build.0 = Release|Any CPU
		{BF573E55-099C-4414-96D6-2A8A7133B979}.Debug|Any CPU.ActiveCfg = Debug|Any CPU
		{BF573E55-099C-4414-96D6-2A8A7133B979}.Debug|Any CPU.Build.0 = Debug|Any CPU
		{BF573E55-099C-4414-96D6-2A8A7133B979}.Release|Any CPU.ActiveCfg = Release|Any CPU
		{BF573E55-099C-4414-96D6-2A8A7133B979}.Release|Any CPU.Build.0 = Release|Any CPU
		{DB94D266-A65B-42C5-8EAF-AC55CB088D7B}.Debug|Any CPU.ActiveCfg = Debug|Any CPU
		{DB94D266-A65B-42C5-8EAF-AC55CB088D7B}.Debug|Any CPU.Build.0 = Debug|Any CPU
		{DB94D266-A65B-42C5-8EAF-AC55CB088D7B}.Release|Any CPU.ActiveCfg = Release|Any CPU
		{DB94D266-A65B-42C5-8EAF-AC55CB088D7B}.Release|Any CPU.Build.0 = Release|Any CPU
		{8C3EA6C3-FD64-4E8D-8D85-F29155A94D0D}.Debug|Any CPU.ActiveCfg = Debug|Any CPU
		{8C3EA6C3-FD64-4E8D-8D85-F29155A94D0D}.Debug|Any CPU.Build.0 = Debug|Any CPU
		{8C3EA6C3-FD64-4E8D-8D85-F29155A94D0D}.Release|Any CPU.ActiveCfg = Release|Any CPU
		{8C3EA6C3-FD64-4E8D-8D85-F29155A94D0D}.Release|Any CPU.Build.0 = Release|Any CPU
		{5821D8C7-0C25-491C-8DB7-5F5EAEBFA15F}.Debug|Any CPU.ActiveCfg = Debug|Any CPU
		{5821D8C7-0C25-491C-8DB7-5F5EAEBFA15F}.Debug|Any CPU.Build.0 = Debug|Any CPU
		{5821D8C7-0C25-491C-8DB7-5F5EAEBFA15F}.Release|Any CPU.ActiveCfg = Release|Any CPU
		{5821D8C7-0C25-491C-8DB7-5F5EAEBFA15F}.Release|Any CPU.Build.0 = Release|Any CPU
		{F282181B-47E8-4AB2-BE8C-05B65378DA93}.Debug|Any CPU.ActiveCfg = Debug|Any CPU
		{F282181B-47E8-4AB2-BE8C-05B65378DA93}.Debug|Any CPU.Build.0 = Debug|Any CPU
		{F282181B-47E8-4AB2-BE8C-05B65378DA93}.Release|Any CPU.ActiveCfg = Release|Any CPU
		{F282181B-47E8-4AB2-BE8C-05B65378DA93}.Release|Any CPU.Build.0 = Release|Any CPU
		{4A3D020D-0C70-4C2D-9BED-230388C8FBBF}.Debug|Any CPU.ActiveCfg = Debug|Any CPU
		{4A3D020D-0C70-4C2D-9BED-230388C8FBBF}.Debug|Any CPU.Build.0 = Debug|Any CPU
		{4A3D020D-0C70-4C2D-9BED-230388C8FBBF}.Release|Any CPU.ActiveCfg = Release|Any CPU
		{4A3D020D-0C70-4C2D-9BED-230388C8FBBF}.Release|Any CPU.Build.0 = Release|Any CPU
		{CD982B48-394B-426C-8A7E-9EA23EAFEDEB}.Debug|Any CPU.ActiveCfg = Debug|Any CPU
		{CD982B48-394B-426C-8A7E-9EA23EAFEDEB}.Debug|Any CPU.Build.0 = Debug|Any CPU
		{CD982B48-394B-426C-8A7E-9EA23EAFEDEB}.Release|Any CPU.ActiveCfg = Release|Any CPU
		{CD982B48-394B-426C-8A7E-9EA23EAFEDEB}.Release|Any CPU.Build.0 = Release|Any CPU
		{A4A5B601-9A42-4E11-8343-E65DD4E9F166}.Debug|Any CPU.ActiveCfg = Debug|Any CPU
		{A4A5B601-9A42-4E11-8343-E65DD4E9F166}.Debug|Any CPU.Build.0 = Debug|Any CPU
		{A4A5B601-9A42-4E11-8343-E65DD4E9F166}.Release|Any CPU.ActiveCfg = Release|Any CPU
		{A4A5B601-9A42-4E11-8343-E65DD4E9F166}.Release|Any CPU.Build.0 = Release|Any CPU
		{4C44D1BC-34AE-40E1-A1CC-79BD94AA3CA9}.Debug|Any CPU.ActiveCfg = Debug|Any CPU
		{4C44D1BC-34AE-40E1-A1CC-79BD94AA3CA9}.Debug|Any CPU.Build.0 = Debug|Any CPU
		{4C44D1BC-34AE-40E1-A1CC-79BD94AA3CA9}.Release|Any CPU.ActiveCfg = Release|Any CPU
		{4C44D1BC-34AE-40E1-A1CC-79BD94AA3CA9}.Release|Any CPU.Build.0 = Release|Any CPU
		{D6B52976-BBAE-4CBC-AD49-24B3C89B597F}.Debug|Any CPU.ActiveCfg = Debug|Any CPU
		{D6B52976-BBAE-4CBC-AD49-24B3C89B597F}.Debug|Any CPU.Build.0 = Debug|Any CPU
		{D6B52976-BBAE-4CBC-AD49-24B3C89B597F}.Release|Any CPU.ActiveCfg = Release|Any CPU
		{D6B52976-BBAE-4CBC-AD49-24B3C89B597F}.Release|Any CPU.Build.0 = Release|Any CPU
	EndGlobalSection
	GlobalSection(NestedProjects) = preSolution
		{8F3CC7F6-2AD9-419B-9C9E-6B01DF4975D6} = {17FA9501-9889-4CE8-A61E-06598E2CBC91}
		{B9BE3723-DDFC-406A-A2AB-CCE777A5C1F8} = {17FA9501-9889-4CE8-A61E-06598E2CBC91}
		{BF573E55-099C-4414-96D6-2A8A7133B979} = {2880ED61-892B-4317-92D5-2AEED3AA794E}
		{DB94D266-A65B-42C5-8EAF-AC55CB088D7B} = {2880ED61-892B-4317-92D5-2AEED3AA794E}
		{8C3EA6C3-FD64-4E8D-8D85-F29155A94D0D} = {2880ED61-892B-4317-92D5-2AEED3AA794E}
		{5821D8C7-0C25-491C-8DB7-5F5EAEBFA15F} = {2880ED61-892B-4317-92D5-2AEED3AA794E}
		{F282181B-47E8-4AB2-BE8C-05B65378DA93} = {2880ED61-892B-4317-92D5-2AEED3AA794E}
		{4A3D020D-0C70-4C2D-9BED-230388C8FBBF} = {2880ED61-892B-4317-92D5-2AEED3AA794E}
		{CD982B48-394B-426C-8A7E-9EA23EAFEDEB} = {2880ED61-892B-4317-92D5-2AEED3AA794E}
		{A4A5B601-9A42-4E11-8343-E65DD4E9F166} = {2880ED61-892B-4317-92D5-2AEED3AA794E}
		{4C44D1BC-34AE-40E1-A1CC-79BD94AA3CA9} = {2880ED61-892B-4317-92D5-2AEED3AA794E}
		{D6B52976-BBAE-4CBC-AD49-24B3C89B597F} = {2880ED61-892B-4317-92D5-2AEED3AA794E}
	EndGlobalSection
EndGlobal
